
Microsoft Visual Studio Solution File, Format Version 12.00
# Visual Studio Version 17
VisualStudioVersion = 17.7.34202.233
MinimumVisualStudioVersion = 10.0.40219.1
Project("{FAE04EC0-301F-11D3-BF4B-00C04F79EFBC}") = "SGMK_REST", "SGMK_REST.csproj", "{A660F60D-DB9C-4756-B424-519A79A5F49D}"
EndProject
Global
	GlobalSection(SolutionConfigurationPlatforms) = preSolution
		Debug|Any CPU = Debug|Any CPU
		Release|Any CPU = Release|Any CPU
	EndGlobalSection
	GlobalSection(ProjectConfigurationPlatforms) = postSolution
		{A660F60D-DB9C-4756-B424-519A79A5F49D}.Debug|Any CPU.ActiveCfg = Debug|Any CPU
		{A660F60D-DB9C-4756-B424-519A79A5F49D}.Debug|Any CPU.Build.0 = Debug|Any CPU
		{A660F60D-DB9C-4756-B424-519A79A5F49D}.Release|Any CPU.ActiveCfg = Release|Any CPU
		{A660F60D-DB9C-4756-B424-519A79A5F49D}.Release|Any CPU.Build.0 = Release|Any CPU
	EndGlobalSection
	GlobalSection(SolutionProperties) = preSolution
		HideSolutionNode = FALSE
	EndGlobalSection
	GlobalSection(ExtensibilityGlobals) = postSolution
		SolutionGuid = {A1D3855C-FCB6-4683-B030-03A28CDE7501}
	EndGlobalSection
EndGlobal
